
Microsoft Visual Studio Solution File, Format Version 12.00
Project("{FAE04EC0-301F-11D3-BF4B-00C04F79EFBC}") = "Zkrd.Slack.Runner", "Zkrd.Slack.Runner\Zkrd.Slack.Runner.csproj", "{76F444C7-214C-442B-96F5-B96D7D73A179}"
EndProject
Project("{FAE04EC0-301F-11D3-BF4B-00C04F79EFBC}") = "Zkrd.Slack.Core", "Zkrd.Slack.Core\Zkrd.Slack.Core.csproj", "{5B925910-D902-4A99-9D49-97B678E029C1}"
EndProject
Project("{FAE04EC0-301F-11D3-BF4B-00C04F79EFBC}") = "Zkrd.Slack.FooBar", "Zkrd.Slack.FooBar\Zkrd.Slack.FooBar.csproj", "{7AE2F812-7B56-47D4-973F-A24FD875E09B}"
EndProject
Project("{FAE04EC0-301F-11D3-BF4B-00C04F79EFBC}") = "Zkrd.Slack.WebApiDemo", "Zkrd.Slack.WebApiDemo\Zkrd.Slack.WebApiDemo.csproj", "{BA8D2233-3A89-4CB8-AA82-0BDD6CE0058A}"
EndProject
Project("{FAE04EC0-301F-11D3-BF4B-00C04F79EFBC}") = "Zkrd.Slack.WebApiDemo.Tests", "Zkrd.Slack.WebApiDemo.Tests\Zkrd.Slack.WebApiDemo.Tests.csproj", "{1AF7BE22-6580-4554-8C85-AF23C0EE9222}"
EndProject
Project("{FAE04EC0-301F-11D3-BF4B-00C04F79EFBC}") = "Zkrd.Slack.FooBar.Tests", "Zkrd.Slack.FooBar.Tests\Zkrd.Slack.FooBar.Tests.csproj", "{DC187956-FAA0-4E9B-9364-CB7990FB0A49}"
EndProject
Project("{FAE04EC0-301F-11D3-BF4B-00C04F79EFBC}") = "Zkrd.Slack.Core.Tests", "Zkrd.Slack.Core.Tests\Zkrd.Slack.Core.Tests.csproj", "{B7F2258F-A97D-4F78-93C6-C575FB8760CF}"
EndProject
Project("{FAE04EC0-301F-11D3-BF4B-00C04F79EFBC}") = "Zkrd.Slack.Help", "Zkrd.Slack.Help\Zkrd.Slack.Help.csproj", "{E4E9EB9C-5DD2-44E3-8384-811FED93887C}"
EndProject
Project("{FAE04EC0-301F-11D3-BF4B-00C04F79EFBC}") = "Zkrd.Slack.Help.Tests", "Zkrd.Slack.Help.Tests\Zkrd.Slack.Help.Tests.csproj", "{0F9D68BB-0477-4DB3-A78E-22A9C076D142}"
EndProject
Global
	GlobalSection(SolutionConfigurationPlatforms) = preSolution
		Debug|Any CPU = Debug|Any CPU
		Release|Any CPU = Release|Any CPU
	EndGlobalSection
	GlobalSection(ProjectConfigurationPlatforms) = postSolution
		{76F444C7-214C-442B-96F5-B96D7D73A179}.Debug|Any CPU.ActiveCfg = Debug|Any CPU
		{76F444C7-214C-442B-96F5-B96D7D73A179}.Debug|Any CPU.Build.0 = Debug|Any CPU
		{76F444C7-214C-442B-96F5-B96D7D73A179}.Release|Any CPU.ActiveCfg = Release|Any CPU
		{76F444C7-214C-442B-96F5-B96D7D73A179}.Release|Any CPU.Build.0 = Release|Any CPU
		{5B925910-D902-4A99-9D49-97B678E029C1}.Debug|Any CPU.ActiveCfg = Debug|Any CPU
		{5B925910-D902-4A99-9D49-97B678E029C1}.Debug|Any CPU.Build.0 = Debug|Any CPU
		{5B925910-D902-4A99-9D49-97B678E029C1}.Release|Any CPU.ActiveCfg = Release|Any CPU
		{5B925910-D902-4A99-9D49-97B678E029C1}.Release|Any CPU.Build.0 = Release|Any CPU
		{7AE2F812-7B56-47D4-973F-A24FD875E09B}.Debug|Any CPU.ActiveCfg = Debug|Any CPU
		{7AE2F812-7B56-47D4-973F-A24FD875E09B}.Debug|Any CPU.Build.0 = Debug|Any CPU
		{7AE2F812-7B56-47D4-973F-A24FD875E09B}.Release|Any CPU.ActiveCfg = Release|Any CPU
		{7AE2F812-7B56-47D4-973F-A24FD875E09B}.Release|Any CPU.Build.0 = Release|Any CPU
		{BA8D2233-3A89-4CB8-AA82-0BDD6CE0058A}.Debug|Any CPU.ActiveCfg = Debug|Any CPU
		{BA8D2233-3A89-4CB8-AA82-0BDD6CE0058A}.Debug|Any CPU.Build.0 = Debug|Any CPU
		{BA8D2233-3A89-4CB8-AA82-0BDD6CE0058A}.Release|Any CPU.ActiveCfg = Release|Any CPU
		{BA8D2233-3A89-4CB8-AA82-0BDD6CE0058A}.Release|Any CPU.Build.0 = Release|Any CPU
		{1AF7BE22-6580-4554-8C85-AF23C0EE9222}.Debug|Any CPU.ActiveCfg = Debug|Any CPU
		{1AF7BE22-6580-4554-8C85-AF23C0EE9222}.Debug|Any CPU.Build.0 = Debug|Any CPU
		{1AF7BE22-6580-4554-8C85-AF23C0EE9222}.Release|Any CPU.ActiveCfg = Release|Any CPU
		{1AF7BE22-6580-4554-8C85-AF23C0EE9222}.Release|Any CPU.Build.0 = Release|Any CPU
		{DC187956-FAA0-4E9B-9364-CB7990FB0A49}.Debug|Any CPU.ActiveCfg = Debug|Any CPU
		{DC187956-FAA0-4E9B-9364-CB7990FB0A49}.Debug|Any CPU.Build.0 = Debug|Any CPU
		{DC187956-FAA0-4E9B-9364-CB7990FB0A49}.Release|Any CPU.ActiveCfg = Release|Any CPU
		{DC187956-FAA0-4E9B-9364-CB7990FB0A49}.Release|Any CPU.Build.0 = Release|Any CPU
		{B7F2258F-A97D-4F78-93C6-C575FB8760CF}.Debug|Any CPU.ActiveCfg = Debug|Any CPU
		{B7F2258F-A97D-4F78-93C6-C575FB8760CF}.Debug|Any CPU.Build.0 = Debug|Any CPU
		{B7F2258F-A97D-4F78-93C6-C575FB8760CF}.Release|Any CPU.ActiveCfg = Release|Any CPU
		{B7F2258F-A97D-4F78-93C6-C575FB8760CF}.Release|Any CPU.Build.0 = Release|Any CPU
		{E4E9EB9C-5DD2-44E3-8384-811FED93887C}.Debug|Any CPU.ActiveCfg = Debug|Any CPU
		{E4E9EB9C-5DD2-44E3-8384-811FED93887C}.Debug|Any CPU.Build.0 = Debug|Any CPU
		{E4E9EB9C-5DD2-44E3-8384-811FED93887C}.Release|Any CPU.ActiveCfg = Release|Any CPU
		{E4E9EB9C-5DD2-44E3-8384-811FED93887C}.Release|Any CPU.Build.0 = Release|Any CPU
		{0F9D68BB-0477-4DB3-A78E-22A9C076D142}.Debug|Any CPU.ActiveCfg = Debug|Any CPU
		{0F9D68BB-0477-4DB3-A78E-22A9C076D142}.Debug|Any CPU.Build.0 = Debug|Any CPU
		{0F9D68BB-0477-4DB3-A78E-22A9C076D142}.Release|Any CPU.ActiveCfg = Release|Any CPU
		{0F9D68BB-0477-4DB3-A78E-22A9C076D142}.Release|Any CPU.Build.0 = Release|Any CPU
	EndGlobalSection
EndGlobal
